
Microsoft Visual Studio Solution File, Format Version 12.00
# Visual Studio 14
VisualStudioVersion = 14.0.25420.1
MinimumVisualStudioVersion = 10.0.40219.1
Project("{FAE04EC0-301F-11D3-BF4B-00C04F79EFBC}") = "Gwent", "Gwent\Gwent.csproj", "{D3D2DB6A-1D6A-4D30-BA75-86BA0A0A48EA}"
EndProject
Project("{FAE04EC0-301F-11D3-BF4B-00C04F79EFBC}") = "Gwent_Server", "Gwent_Server\Gwent_Server.csproj", "{D69BC87D-8112-443C-99AF-964AC3420AD1}"
EndProject
Project("{FAE04EC0-301F-11D3-BF4B-00C04F79EFBC}") = "DBLoader", "DBLoader\DBLoader.csproj", "{5A8680DE-B89E-4171-B0C0-2147462CC8E7}"
EndProject
Project("{FAE04EC0-301F-11D3-BF4B-00C04F79EFBC}") = "Loader", "Loader\Loader.csproj", "{C66D6682-75A6-482E-8F3B-60334D191241}"
EndProject
Project("{FAE04EC0-301F-11D3-BF4B-00C04F79EFBC}") = "GwentCard", "GwentCard\GwentCard.csproj", "{42C3DDF6-A239-4A52-975B-FDBBFDF0A707}"
EndProject
Project("{FAE04EC0-301F-11D3-BF4B-00C04F79EFBC}") = "Battleground", "Battleground\Battleground.csproj", "{B389FE3B-C189-48EF-82EC-C584D7AE3C65}"
EndProject
Global
	GlobalSection(SolutionConfigurationPlatforms) = preSolution
		Debug|Any CPU = Debug|Any CPU
		Release|Any CPU = Release|Any CPU
	EndGlobalSection
	GlobalSection(ProjectConfigurationPlatforms) = postSolution
		{D3D2DB6A-1D6A-4D30-BA75-86BA0A0A48EA}.Debug|Any CPU.ActiveCfg = Debug|Any CPU
		{D3D2DB6A-1D6A-4D30-BA75-86BA0A0A48EA}.Debug|Any CPU.Build.0 = Debug|Any CPU
		{D3D2DB6A-1D6A-4D30-BA75-86BA0A0A48EA}.Release|Any CPU.ActiveCfg = Release|Any CPU
		{D3D2DB6A-1D6A-4D30-BA75-86BA0A0A48EA}.Release|Any CPU.Build.0 = Release|Any CPU
		{D69BC87D-8112-443C-99AF-964AC3420AD1}.Debug|Any CPU.ActiveCfg = Debug|Any CPU
		{D69BC87D-8112-443C-99AF-964AC3420AD1}.Debug|Any CPU.Build.0 = Debug|Any CPU
		{D69BC87D-8112-443C-99AF-964AC3420AD1}.Release|Any CPU.ActiveCfg = Release|Any CPU
		{D69BC87D-8112-443C-99AF-964AC3420AD1}.Release|Any CPU.Build.0 = Release|Any CPU
		{5A8680DE-B89E-4171-B0C0-2147462CC8E7}.Debug|Any CPU.ActiveCfg = Debug|Any CPU
		{5A8680DE-B89E-4171-B0C0-2147462CC8E7}.Debug|Any CPU.Build.0 = Debug|Any CPU
		{5A8680DE-B89E-4171-B0C0-2147462CC8E7}.Release|Any CPU.ActiveCfg = Release|Any CPU
		{5A8680DE-B89E-4171-B0C0-2147462CC8E7}.Release|Any CPU.Build.0 = Release|Any CPU
		{C66D6682-75A6-482E-8F3B-60334D191241}.Debug|Any CPU.ActiveCfg = Debug|Any CPU
		{C66D6682-75A6-482E-8F3B-60334D191241}.Debug|Any CPU.Build.0 = Debug|Any CPU
		{C66D6682-75A6-482E-8F3B-60334D191241}.Release|Any CPU.ActiveCfg = Release|Any CPU
		{C66D6682-75A6-482E-8F3B-60334D191241}.Release|Any CPU.Build.0 = Release|Any CPU
		{42C3DDF6-A239-4A52-975B-FDBBFDF0A707}.Debug|Any CPU.ActiveCfg = Debug|Any CPU
		{42C3DDF6-A239-4A52-975B-FDBBFDF0A707}.Debug|Any CPU.Build.0 = Debug|Any CPU
		{42C3DDF6-A239-4A52-975B-FDBBFDF0A707}.Release|Any CPU.ActiveCfg = Release|Any CPU
		{42C3DDF6-A239-4A52-975B-FDBBFDF0A707}.Release|Any CPU.Build.0 = Release|Any CPU
		{B389FE3B-C189-48EF-82EC-C584D7AE3C65}.Debug|Any CPU.ActiveCfg = Debug|Any CPU
		{B389FE3B-C189-48EF-82EC-C584D7AE3C65}.Debug|Any CPU.Build.0 = Debug|Any CPU
		{B389FE3B-C189-48EF-82EC-C584D7AE3C65}.Release|Any CPU.ActiveCfg = Release|Any CPU
		{B389FE3B-C189-48EF-82EC-C584D7AE3C65}.Release|Any CPU.Build.0 = Release|Any CPU
	EndGlobalSection
	GlobalSection(SolutionProperties) = preSolution
		HideSolutionNode = FALSE
	EndGlobalSection
EndGlobal
